dependencies:
- name: nuclio
  repository: https://nuclio.github.io/nuclio/charts
  version: 0.21.6
- name: mlrun
  repository: https://v3io.github.io/helm-charts/stable
  version: 0.11.6
- name: mpi-operator
  repository: https://v3io.github.io/helm-charts/stable
  version: 0.6.0
- name: minio
  repository: https://charts.min.io/
  version: 5.2.0
- name: spark-operator
  repository: https://kubeflow.github.io/spark-operator
  version: 2.1.0
- name: kube-prometheus-stack
  repository: https://prometheus-community.github.io/helm-charts
  version: 72.1.1
- name: strimzi-kafka-operator
  repository: https://strimzi.io/charts/
  version: 0.48.0
digest: sha256:f45be2a1208958d753b2e8a95f33eee17718ad1e691317ec0b50e3c088a7cae8
generated: "2026-02-03T14:08:48.606883+02:00"
